PODS:
  - Dwifft (0.9)

DEPENDENCIES:
  - Dwifft (from `https://github.com/jflinter/Dwifft.git`, commit `c5a9c62`)

EXTERNAL SOURCES:
  Dwifft:
    :commit: c5a9c62
    :git: https://github.com/jflinter/Dwifft.git

CHECKOUT OPTIONS:
  Dwifft:
    :commit: c5a9c62
    :git: https://github.com/jflinter/Dwifft.git

SPEC CHECKSUMS:
  Dwifft: 00dcec0f3c38cfb9c1331509851e81c84fc3949e

PODFILE CHECKSUM: 53bf59d863d0d8e71edc03cf4dca0864356e9639

COCOAPODS: 1.8.3
